github.com/cheekybits/is v0.0.0-20150225183255-68e9c0620927/go.mod h1:h/aW8ynjgkuj+NQRlZcDbAbM1ORAbXjXX77sX7T289U=
github.com/chromedp/cdproto v0.0.0-20191009033829-c22f49c9ff0a/go.mod h1:PfAWWKJqjlGFYJEidUM6aVIWPr0EpobeyVWEEmplX7g=
github.com/chromedp/chromedp v0.5.1/go.mod h1:3NMfuKTrKNr8PWEvHzdzZ57PK4jm9zW1C5nKiaWdxcM=
github.com/davecgh/go-spew v1.1.0/go.mod h1:J7Y8YcW2NihsgmVo/mv3lAwl/skON4iLHjSsI+c5H38=
github.com/davecgh/go-spew v1.1.1/go.mod h1:J7Y8YcW2NihsgmVo/mv3lAwl/skON4iLHjSsI+c5H38=
github.com/dustin/go-humanize v1.0.0/go.mod h1:HtrtbFcZ19U5GC7JDqmcUSB87Iq5E25KnS6fMYU6eOk=
github.com/fsnotify/fsnotify v1.4.7/go.mod h1:jwhsz4b93w/PPRr/qN1Yymfu8t87LnFCMoQvtojpjFo=
github.com/fsnotify/fsnotify v1.4.9 h1:hsms1Qyu0jgnwNXIxa+/V/PDsU6CfLf6CNO8H7IWoS4=
github.com/fsnotify/fsnotify v1.4.9/go.mod h1:znqG4EE+3YCdAaPaxE2ZRY/06pZUdp0tY4IgpuI1SZQ=
github.com/fsnotify/fsnotify v1.5.4 h1:jRbGcIw6P2Meqdwuo0H1p6JVLbL5DHKAKlYndzMwVZI=
github.com/fsnotify/fsnotify v1.5.4/go.mod h1:OVB6XrOHzAwXMpEM7uPOzcehqUV2UqJxmVXmkdnm1bU=
github.com/gobwas/httphead v0.0.0-20180130184737-2c6c146eadee/go.mod h1:L0fX3K22YWvt/FAX9NnzrNzcI4wNYi9Yku4O0LKYflo=
github.com/gobwas/pool v0.2.0/go.mod h1:q8bcK0KcYlCgd9e7WYLm9LpyS+YeLd8JVDW6WezmKEw=
github.com/gobwas/ws v1.0.2/go.mod h1:szmBTxLgaFppYjEmNtny/v3w89xOydFnnZMcgRRu/EM=
github.com/gorilla/websocket v1.4.2 h1:+/TMaTYc4QFitKJxsQ7Yye35DkWvkdLcvGKqM+x0Ufc=
github.com/gorilla/websocket v1.4.2/go.mod h1:YR8l580nyteQvAITg2hZ9XVh4b55+EU/adAjf1fMHhE=
github.com/gorilla/websocket v1.5.0 h1:PPwGk2jz7EePpoHN/+ClbZu8SPxiqlu12wZP/3sWmnc=
github.com/gorilla/websocket v1.5.0/go.mod h1:YR8l580nyteQvAITg2hZ9XVh4b55+EU/adAjf1fMHhE=
github.com/knq/sysutil v0.0.0-20191005231841-15668db23d08/go.mod h1:dFWs1zEqDjFtnBXsd1vPOZaLsESovai349994nHx3e0=
github.com/mailru/easyjson v0.7.0/go.mod h1:KAzv3t3aY1NaHWoQz1+4F1ccyAH66Jk7yos7ldAVICs=
github.com/matryer/try v0.0.0-20161228173917-9ac251b645a2/go.mod h1:0KeJpeMD6o+O4hW7qJOT7vyQPKrWmj26uf5wMc/IiIs=
github.com/pmezard/go-difflib v1.0.0/go.mod h1:iKH77koFhYxTK1pcRnkKkqfTogsbg7gZNVY4sRDYZ/4=
github.com/spf13/pflag v1.0.3/go.mod h1:DYY7MBk1bdzusC3SYhjObp+wFpr4gzcvqqNjLnInEg4=
github.com/spf13/pflag v1.0.5/go.mod h1:McXfInJRrz4CZXVZOBLb0bTZqETkiAhM9Iw0y3An2Bg=
github.com/stretchr/objx v0.1.0/go.mod h1:HFkY916IF+rwdDfMAkV7OtwuqBVzrE8GR6GFx+wExME=
github.com/stretchr/testify v1.4.0/go.mod h1:j7eGeouHqKxXV5pUuKE4zz7dFj8WfuZ+81PSLYec5m4=
github.com/tdewolff/minify/v2 v2.7.3/go.mod h1:BkDSm8aMMT0ALGmpt7j3Ra7nLUgZL0qhyrAHXwxcy5w=
github.com/tdewolff/minify/v2 v2.9.15/go.mod h1:tK4qPnHUZgANtEGVMwTBxrF1eNIBkigHFYo7F3Y98GQ=
github.com/tdewolff/parse/v2 v2.4.2/go.mod h1:WzaJpRSbwq++EIQHYIRTpbYKNA3gn9it1Ik++q4zyho=
github.com/tdewolff/parse/v2 v2.5.14/go.mod h1:WzaJpRSbwq++EIQHYIRTpbYKNA3gn9it1Ik++q4zyho=
github.com/tdewolff/test v1.0.6/go.mod h1:6DAvZliBAAnD7rhVgwaM7DE5/d9NMOAJ09SqYqeK4QE=
github.com/vugu/html v0.0.0-20190914200101-c62dc20b8289 h1:w3hfLuU5tKlcf+hhfmx6UZ5IC1h5M69dL9/6uugfLj8=
github.com/vugu/html v0.0.0-20190914200101-c62dc20b8289/go.mod h1:Y3pLGz8dZUSrB9SARXqFmtW8RNs4HIGAr0+JaWL31Vg=
github.com/vugu/vgrouter v0.0.0-20200725205318-eeb478c42e5d h1:9XOp5CHgCF2xXd7YzcB3Mo2d5jfL+NNVPOnBEc0LGMU=
github.com/vugu/vgrouter v0.0.0-20200725205318-eeb478c42e5d/go.mod h1:C+Uj+375LwtFuL5dNIMLNv/miLesGINzR04oWTyDb40=
github.com/vugu/vjson v0.0.0-20191111004939-722507e863cb/go.mod h1:z7mAqSUjRDMQ09NIO18jG2llXMHLnUHlZ3/8MEMyBPA=
github.com/vugu/vjson v0.0.0-20200505061711-f9cbed27d3d9/go.mod h1:z7mAqSUjRDMQ09NIO18jG2llXMHLnUHlZ3/8MEMyBPA=
github.com/vugu/vugu v0.3.0/go.mod h1:RFwOrlJHEkdZvrFcde4d6c0/7SqlRA8E4l2yz1Rs8xM=
github.com/vugu/vugu v0.3.4 h1:HkTNuKP+1hEjJVLduM+UtMFrTaousdUqMGimW6DNGmk=
github.com/vugu/vugu v0.3.4/go.mod h1:HdbHNi0CymHJEW8XdZMfHnEUkW5Wu2fyaNcg7BaMk+Q=
github.com/vugu/xxhash v0.0.0-20191111030615-ed24d0179019 h1:8NGiD5gWbVGObr+lnqcbM2rcOQBO6mr+m19BIblCdho=
github.com/vugu/xxhash v0.0.0-20191111030615-ed24d0179019/go.mod h1:PrBK6+LJXwb+3EnJTHo43Uh4FhjFFwvN4jKk4Zc5zZ8=
golang.org/x/crypto v0.0.0-20190308221718-c2843e01d9a2/go.mod h1:djNgcEr1/C05ACkg1iLfiJU5Ep61QUkGW8qpdssI0+w=
golang.org/x/net v0.0.0-20190912160710-24e19bdeb0f2/go.mod h1:z5CRVTTTmAJ677TzLLGU+0bjPO0LkuOLi4/5GtJWs/s=
golang.org/x/sys v0.0.0-20181031143558-9b800f95dbbc/go.mod h1:STP8DvDyc/dI5b8T5hshtkjS+E42TnysNCUPdjciGhY=
golang.org/x/sys v0.0.0-20190215142949-d0b11bdaac8a/go.mod h1:STP8DvDyc/dI5b8T5hshtkjS+E42TnysNCUPdjciGhY=
golang.org/x/sys v0.0.0-20191005200804-aed5e4c7ecf9 h1:L2auWcuQIvxz9xSEqzESnV/QN/gNRXNApHi3fYwl2w0=
golang.org/x/sys v0.0.0-20191005200804-aed5e4c7ecf9/go.mod h1:h1NjWce9XRLGQEsW7wpKNCjG9DtNlClVuFLEZdDNbEs=
golang.org/x/sys v0.0.0-20191008105621-543471e840be/go.mod h1:h1NjWce9XRLGQEsW7wpKNCjG9DtNlClVuFLEZdDNbEs=
golang.org/x/sys v0.0.0-20200427175716-29b57079015a h1:08u6b1caTT9MQY4wSbmsd4Ulm6DmgNYnbImBuZjGJow=
golang.org/x/sys v0.0.0-20200427175716-29b57079015a/go.mod h1:h1NjWce9XRLGQEsW7wpKNCjG9DtNlClVuFLEZdDNbEs=
golang.org/x/sys v0.0.0-20200724161237-0e2f3a69832c/go.mod h1:h1NjWce9XRLGQEsW7wpKNCjG9DtNlClVuFLEZdDNbEs=
golang.org/x/sys v0.0.0-20220412211240-33da011f77ad/go.mod h1:oPkhp1MJrh7nUepCBck5+mAzfO9JrbApNNgaTdGDITg=
golang.org/x/sys v0.0.0-20220520151302-bc2c85ada10a h1:dGzPydgVsqGcTRVwiLJ1jVbufYwmzD3LfVPLKsKg+0k=
golang.org/x/sys v0.0.0-20220520151302-bc2c85ada10a/go.mod h1:oPkhp1MJrh7nUepCBck5+mAzfO9JrbApNNgaTdGDITg=
golang.org/x/text v0.3.0/go.mod h1:NqM8EUOU14njkJ3fqMW+pc6Ldnwhi/IjpwHt7yyuwOQ=
gopkg.in/check.v1 v0.0.0-20161208181325-20d25e280405/go.mod h1:Co6ibVJAznAaIkqp8huTwlJQCZ016jof/cbN4VW5Yz0=
gopkg.in/yaml.v2 v2.2.2/go.mod h1:hI93XBmqTisBFMUTm0b8Fm+jr3Dg1NNxqwp+5A1VGuI=
